
Microsoft Visual Studio Solution File, Format Version 12.00
# Visual Studio Version 17
VisualStudioVersion = 17.2.32630.192
MinimumVisualStudioVersion = 10.0.40219.1
Project("{FAE04EC0-301F-11D3-BF4B-00C04F79EFBC}") = "orientacaoObjetos", "orientacaoObjetos.csproj", "{B7242F59-0D0D-468A-9947-7570F1DD9749}"
EndProject
Project("{2150E333-8FDC-42A3-9474-1A3956D46DE8}") = "Itens de Solução", "Itens de Solução", "{8FC940B0-CFB3-4131-8121-3CFC73BCF46B}"
	ProjectSection(SolutionItems) = preProject
		Conta.cs = Conta.cs
		Dados.cs = Dados.cs
	EndProjectSection
EndProject
Global
	GlobalSection(SolutionConfigurationPlatforms) = preSolution
		Debug|Any CPU = Debug|Any CPU
		Release|Any CPU = Release|Any CPU
	EndGlobalSection
	GlobalSection(ProjectConfigurationPlatforms) = postSolution
		{B7242F59-0D0D-468A-9947-7570F1DD9749}.Debug|Any CPU.ActiveCfg = Debug|Any CPU
		{B7242F59-0D0D-468A-9947-7570F1DD9749}.Debug|Any CPU.Build.0 = Debug|Any CPU
		{B7242F59-0D0D-468A-9947-7570F1DD9749}.Release|Any CPU.ActiveCfg = Release|Any CPU
		{B7242F59-0D0D-468A-9947-7570F1DD9749}.Release|Any CPU.Build.0 = Release|Any CPU
	EndGlobalSection
	GlobalSection(SolutionProperties) = preSolution
		HideSolutionNode = FALSE
	EndGlobalSection
	GlobalSection(ExtensibilityGlobals) = postSolution
		SolutionGuid = {48434534-5539-48E0-882A-FEA7595BA4EB}
	EndGlobalSection
EndGlobal
